
Microsoft Visual Studio Solution File, Format Version 12.00
# Visual Studio Version 17
VisualStudioVersion = 17.7.34221.43
MinimumVisualStudioVersion = 10.0.40219.1
Project("{FAE04EC0-301F-11D3-BF4B-00C04F79EFBC}") = "Happy-Book", "Happy-Book\Happy-Book.csproj", "{D22D63DF-AB09-4433-A6B4-D8E50E878DAE}"
EndProject
Global
	GlobalSection(SolutionConfigurationPlatforms) = preSolution
		Debug|Any CPU = Debug|Any CPU
		Release|Any CPU = Release|Any CPU
	EndGlobalSection
	GlobalSection(ProjectConfigurationPlatforms) = postSolution
		{D22D63DF-AB09-4433-A6B4-D8E50E878DAE}.Debug|Any CPU.ActiveCfg = Debug|Any CPU
		{D22D63DF-AB09-4433-A6B4-D8E50E878DAE}.Debug|Any CPU.Build.0 = Debug|Any CPU
		{D22D63DF-AB09-4433-A6B4-D8E50E878DAE}.Release|Any CPU.ActiveCfg = Release|Any CPU
		{D22D63DF-AB09-4433-A6B4-D8E50E878DAE}.Release|Any CPU.Build.0 = Release|Any CPU
	EndGlobalSection
	GlobalSection(SolutionProperties) = preSolution
		HideSolutionNode = FALSE
	EndGlobalSection
	GlobalSection(ExtensibilityGlobals) = postSolution
		SolutionGuid = {FE1F4790-539F-4922-B534-BEC0EF8A6533}
	EndGlobalSection
EndGlobal
